// !$*UTF8*$!
{
	archiveVersion = 1;
	classes = {
	};
	objectVersion = 56;
	objects = {

/* Begin PBXBuildFile section */
		4096CE112BEE5C4F00B7CFC8 /* AppDelegate.swift in Sources */ = {isa = PBXBuildFile; fileRef = 4096CE102BEE5C4F00B7CFC8 /* AppDelegate.swift */; };
		4096CE132BEE5C4F00B7CFC8 /* SceneDelegate.swift in Sources */ = {isa = PBXBuildFile; fileRef = 4096CE122BEE5C4F00B7CFC8 /* SceneDelegate.swift */; };
		4096CE152BEE5C4F00B7CFC8 /* ViewController.swift in Sources */ = {isa = PBXBuildFile; fileRef = 4096CE142BEE5C4F00B7CFC8 /* ViewController.swift */; };
		4096CE182BEE5C4F00B7CFC8 /* Base in Resources */ = {isa = PBXBuildFile; fileRef = 4096CE172BEE5C4F00B7CFC8 /* Base */; };
		4096CE1A2BEE5C5000B7CFC8 /* Assets.xcassets in Resources */ = {isa = PBXBuildFile; fileRef = 4096CE192BEE5C5000B7CFC8 /* Assets.xcassets */; };
		4096CE1D2BEE5C5000B7CFC8 /* Base in Resources */ = {isa = PBXBuildFile; fileRef = 4096CE1C2BEE5C5000B7CFC8 /* Base */; };
		4096CE252BEE61B700B7CFC8 /* NewsCell.swift in Sources */ = {isa = PBXBuildFile; fileRef = 4096CE242BEE61B700B7CFC8 /* NewsCell.swift */; };
		4096CE2B2BEE690F00B7CFC8 /* News.swift in Sources */ = {isa = PBXBuildFile; fileRef = 4096CE2A2BEE690F00B7CFC8 /* News.swift */; };
		4096CE2D2BEE705900B7CFC8 /* Webservice.swift in Sources */ = {isa = PBXBuildFile; fileRef = 4096CE2C2BEE705900B7CFC8 /* Webservice.swift */; };
		4096CE2F2BEE7ED600B7CFC8 /* NewsViewModel.swift in Sources */ = {isa = PBXBuildFile; fileRef = 4096CE2E2BEE7ED600B7CFC8 /* NewsViewModel.swift */; };
/* End PBXBuildFile section */

/* Begin PBXFileReference section */
		4096CE0D2BEE5C4F00B7CFC8 /* NewsTutorial.app */ = {isa = PBXFileReference; explicitFileType = wrapper.application; includeInIndex = 0; path = NewsTutorial.app; sourceTree = BUILT_PRODUCTS_DIR; };
		4096CE102BEE5C4F00B7CFC8 /* AppDelegate.swift */ = {isa = PBXFileReference; lastKnownFileType = sourcecode.swift; path = AppDelegate.swift; sourceTree = "<group>"; };
		4096CE122BEE5C4F00B7CFC8 /* SceneDelegate.swift */ = {isa = PBXFileReference; lastKnownFileType = sourcecode.swift; path = SceneDelegate.swift; sourceTree = "<group>"; };
		4096CE142BEE5C4F00B7CFC8 /* ViewController.swift */ = {isa = PBXFileReference; lastKnownFileType = sourcecode.swift; path = ViewController.swift; sourceTree = "<group>"; };
		4096CE172BEE5C4F00B7CFC8 /* Base */ = {isa = PBXFileReference; lastKnownFileType = file.storyboard; name = Base; path = Base.lproj/Main.storyboard; sourceTree = "<group>"; };
		4096CE192BEE5C5000B7CFC8 /* Assets.xcassets */ = {isa = PBXFileReference; lastKnownFileType = folder.assetcatalog; path = Assets.xcassets; sourceTree = "<group>"; };
		4096CE1C2BEE5C5000B7CFC8 /* Base */ = {isa = PBXFileReference; lastKnownFileType = file.storyboard; name = Base; path = Base.lproj/LaunchScreen.storyboard; sourceTree = "<group>"; };
		4096CE1E2BEE5C5000B7CFC8 /* Info.plist */ = {isa = PBXFileReference; lastKnownFileType = text.plist.xml; path = Info.plist; sourceTree = "<group>"; };
		4096CE242BEE61B700B7CFC8 /* NewsCell.swift */ = {isa = PBXFileReference; lastKnownFileType = sourcecode.swift; path = NewsCell.swift; sourceTree = "<group>"; };
		4096CE2A2BEE690F00B7CFC8 /* News.swift */ = {isa = PBXFileReference; lastKnownFileType = sourcecode.swift; path = News.swift; sourceTree = "<group>"; };
		4096CE2C2BEE705900B7CFC8 /* Webservice.swift */ = {isa = PBXFileReference; lastKnownFileType = sourcecode.swift; path = Webservice.swift; sourceTree = "<group>"; };
		4096CE2E2BEE7ED600B7CFC8 /* NewsViewModel.swift */ = {isa = PBXFileReference; lastKnownFileType = sourcecode.swift; path = NewsViewModel.swift; sourceTree = "<group>"; };
/* End PBXFileReference section */

/* Begin PBXFrameworksBuildPhase section */
		4096CE0A2BEE5C4F00B7CFC8 /* Frameworks */ = {
			isa = PBXFrameworksBuildPhase;
			buildActionMask = 2147483647;
			files = (
			);
			runOnlyForDeploymentPostprocessing = 0;
		};
/* End PBXFrameworksBuildPhase section */

/* Begin PBXGroup section */
		4096CE042BEE5C4F00B7CFC8 = {
			isa = PBXGroup;
			children = (
				4096CE0F2BEE5C4F00B7CFC8 /* NewsTutorial */,
				4096CE0E2BEE5C4F00B7CFC8 /* Products */,
			);
			sourceTree = "<group>";
		};
		4096CE0E2BEE5C4F00B7CFC8 /* Products */ = {
			isa = PBXGroup;
			children = (
				4096CE0D2BEE5C4F00B7CFC8 /* NewsTutorial.app */,
			);
			name = Products;
			sourceTree = "<group>";
		};
		4096CE0F2BEE5C4F00B7CFC8 /* NewsTutorial */ = {
			isa = PBXGroup;
			children = (
				4096CE292BEE684800B7CFC8 /* Service */,
				4096CE282BEE683700B7CFC8 /* View Model */,
				4096CE272BEE683000B7CFC8 /* Model */,
				4096CE262BEE682A00B7CFC8 /* View */,
				4096CE162BEE5C4F00B7CFC8 /* Main.storyboard */,
				4096CE192BEE5C5000B7CFC8 /* Assets.xcassets */,
				4096CE1B2BEE5C5000B7CFC8 /* LaunchScreen.storyboard */,
				4096CE1E2BEE5C5000B7CFC8 /* Info.plist */,
			);
			path = NewsTutorial;
			sourceTree = "<group>";
		};
		4096CE262BEE682A00B7CFC8 /* View */ = {
			isa = PBXGroup;
			children = (
				4096CE102BEE5C4F00B7CFC8 /* AppDelegate.swift */,
				4096CE122BEE5C4F00B7CFC8 /* SceneDelegate.swift */,
				4096CE142BEE5C4F00B7CFC8 /* ViewController.swift */,
				4096CE242BEE61B700B7CFC8 /* NewsCell.swift */,
			);
			path = View;
			sourceTree = "<group>";
		};
		4096CE272BEE683000B7CFC8 /* Model */ = {
			isa = PBXGroup;
			children = (
				4096CE2A2BEE690F00B7CFC8 /* News.swift */,
			);
			path = Model;
			sourceTree = "<group>";
		};
		4096CE282BEE683700B7CFC8 /* View Model */ = {
			isa = PBXGroup;
			children = (
				4096CE2E2BEE7ED600B7CFC8 /* NewsViewModel.swift */,
			);
			path = "View Model";
			sourceTree = "<group>";
		};
		4096CE292BEE684800B7CFC8 /* Service */ = {
			isa = PBXGroup;
			children = (
				4096CE2C2BEE705900B7CFC8 /* Webservice.swift */,
			);
			path = Service;
			sourceTree = "<group>";
		};
/* End PBXGroup section */

/* Begin PBXNativeTarget section */
		4096CE0C2BEE5C4F00B7CFC8 /* NewsTutorial */ = {
			isa = PBXNativeTarget;
			buildConfigurationList = 4096CE212BEE5C5000B7CFC8 /* Build configuration list for PBXNativeTarget "NewsTutorial" */;
			buildPhases = (
				4096CE092BEE5C4F00B7CFC8 /* Sources */,
				4096CE0A2BEE5C4F00B7CFC8 /* Frameworks */,
				4096CE0B2BEE5C4F00B7CFC8 /* Resources */,
			);
			buildRules = (
			);
			dependencies = (
			);
			name = NewsTutorial;
			productName = NewsTutorial;
			productReference = 4096CE0D2BEE5C4F00B7CFC8 /* NewsTutorial.app */;
			productType = "com.apple.product-type.application";
		};
/* End PBXNativeTarget section */

/* Begin PBXProject section */
		4096CE052BEE5C4F00B7CFC8 /* Project object */ = {
			isa = PBXProject;
			attributes = {
				BuildIndependentTargetsInParallel = 1;
				LastSwiftUpdateCheck = 1530;
				LastUpgradeCheck = 1530;
				TargetAttributes = {
					4096CE0C2BEE5C4F00B7CFC8 = {
						CreatedOnToolsVersion = 15.3;
					};
				};
			};
			buildConfigurationList = 4096CE082BEE5C4F00B7CFC8 /* Build configuration list for PBXProject "NewsTutorial" */;
			compatibilityVersion = "Xcode 14.0";
			developmentRegion = en;
			hasScannedForEncodings = 0;
			knownRegions = (
				en,
				Base,
			);
			mainGroup = 4096CE042BEE5C4F00B7CFC8;
			productRefGroup = 4096CE0E2BEE5C4F00B7CFC8 /* Products */;
			projectDirPath = "";
			projectRoot = "";
			targets = (
				4096CE0C2BEE5C4F00B7CFC8 /* NewsTutorial */,
			);
		};
/* End PBXProject section */

/* Begin PBXResourcesBuildPhase section */
		4096CE0B2BEE5C4F00B7CFC8 /* Resources */ = {
			isa = PBXResourcesBuildPhase;
			buildActionMask = 2147483647;
			files = (
				4096CE1A2BEE5C5000B7CFC8 /* Assets.xcassets in Resources */,
				4096CE1D2BEE5C5000B7CFC8 /* Base in Resources */,
				4096CE182BEE5C4F00B7CFC8 /* Base in Resources */,
			);
			runOnlyForDeploymentPostprocessing = 0;
		};
/* End PBXResourcesBuildPhase section */

/* Begin PBXSourcesBuildPhase section */
		4096CE092BEE5C4F00B7CFC8 /* Sources */ = {
			isa = PBXSourcesBuildPhase;
			buildActionMask = 2147483647;
			files = (
				4096CE152BEE5C4F00B7CFC8 /* ViewController.swift in Sources */,
				4096CE112BEE5C4F00B7CFC8 /* AppDelegate.swift in Sources */,
				4096CE2D2BEE705900B7CFC8 /* Webservice.swift in Sources */,
				4096CE252BEE61B700B7CFC8 /* NewsCell.swift in Sources */,
				4096CE2F2BEE7ED600B7CFC8 /* NewsViewModel.swift in Sources */,
				4096CE2B2BEE690F00B7CFC8 /* News.swift in Sources */,
				4096CE132BEE5C4F00B7CFC8 /* SceneDelegate.swift in Sources */,
			);
			runOnlyForDeploymentPostprocessing = 0;
		};
/* End PBXSourcesBuildPhase section */

/* Begin PBXVariantGroup section */
		4096CE162BEE5C4F00B7CFC8 /* Main.storyboard */ = {
			isa = PBXVariantGroup;
			children = (
				4096CE172BEE5C4F00B7CFC8 /* Base */,
			);
			name = Main.storyboard;
			sourceTree = "<group>";
		};
		4096CE1B2BEE5C5000B7CFC8 /* LaunchScreen.storyboard */ = {
			isa = PBXVariantGroup;
			children = (
				4096CE1C2BEE5C5000B7CFC8 /* Base */,
			);
			name = LaunchScreen.storyboard;
			sourceTree = "<group>";
		};
/* End PBXVariantGroup section */

/* Begin XCBuildConfiguration section */
		4096CE1F2BEE5C5000B7CFC8 /* Debug */ = {
			isa = XCBuildConfiguration;
			buildSettings = {
				ALWAYS_SEARCH_USER_PATHS = NO;
				ASSETCATALOG_COMPILER_GENERATE_SWIFT_ASSET_SYMBOL_EXTENSIONS = YES;
				CLANG_ANALYZER_NONNULL = YES;
				CLANG_ANALYZER_NUMBER_OBJECT_CONVERSION = YES_AGGRESSIVE;
				CLANG_CXX_LANGUAGE_STANDARD = "gnu++20";
				CLANG_ENABLE_MODULES = YES;
				CLANG_ENABLE_OBJC_ARC = YES;
				CLANG_ENABLE_OBJC_WEAK = YES;
				CLANG_WARN_BLOCK_CAPTURE_AUTORELEASING = YES;
				CLANG_WARN_BOOL_CONVERSION = YES;
				CLANG_WARN_COMMA = YES;
				CLANG_WARN_CONSTANT_CONVERSION = YES;
				CLANG_WARN_DEPRECATED_OBJC_IMPLEMENTATIONS = YES;
				CLANG_WARN_DIRECT_OBJC_ISA_USAGE = YES_ERROR;
				CLANG_WARN_DOCUMENTATION_COMMENTS = YES;
				CLANG_WARN_EMPTY_BODY = YES;
				CLANG_WARN_ENUM_CONVERSION = YES;
				CLANG_WARN_INFINITE_RECURSION = YES;
				CLANG_WARN_INT_CONVERSION = YES;
				CLANG_WARN_NON_LITERAL_NULL_CONVERSION = YES;
				CLANG_WARN_OBJC_IMPLICIT_RETAIN_SELF = YES;
				CLANG_WARN_OBJC_LITERAL_CONVERSION = YES;
				CLANG_WARN_OBJC_ROOT_CLASS = YES_ERROR;
				CLANG_WARN_QUOTED_INCLUDE_IN_FRAMEWORK_HEADER = YES;
				CLANG_WARN_RANGE_LOOP_ANALYSIS = YES;
				CLANG_WARN_STRICT_PROTOTYPES = YES;
				CLANG_WARN_SUSPICIOUS_MOVE = YES;
				CLANG_WARN_UNGUARDED_AVAILABILITY = YES_AGGRESSIVE;
				CLANG_WARN_UNREACHABLE_CODE = YES;
				CLANG_WARN__DUPLICATE_METHOD_MATCH = YES;
				COPY_PHASE_STRIP = NO;
				DEBUG_INFORMATION_FORMAT = dwarf;
				ENABLE_STRICT_OBJC_MSGSEND = YES;
				ENABLE_TESTABILITY = YES;
				ENABLE_USER_SCRIPT_SANDBOXING = YES;
				GCC_C_LANGUAGE_STANDARD = gnu17;
				GCC_DYNAMIC_NO_PIC = NO;
				GCC_NO_COMMON_BLOCKS = YES;
				GCC_OPTIMIZATION_LEVEL = 0;
				GCC_PREPROCESSOR_DEFINITIONS = (
					"DEBUG=1",
					"$(inherited)",
				);
				GCC_WARN_64_TO_32_BIT_CONVERSION = YES;
				GCC_WARN_ABOUT_RETURN_TYPE = YES_ERROR;
				GCC_WARN_UNDECLARED_SELECTOR = YES;
				GCC_WARN_UNINITIALIZED_AUTOS = YES_AGGRESSIVE;
				GCC_WARN_UNUSED_FUNCTION = YES;
				GCC_WARN_UNUSED_VARIABLE = YES;
				IPHONEOS_DEPLOYMENT_TARGET = 17.4;
				LOCALIZATION_PREFERS_STRING_CATALOGS = YES;
				MTL_ENABLE_DEBUG_INFO = INCLUDE_SOURCE;
				MTL_FAST_MATH = YES;
				ONLY_ACTIVE_ARCH = YES;
				SDKROOT = iphoneos;
				SWIFT_ACTIVE_COMPILATION_CONDITIONS = "DEBUG $(inherited)";
				SWIFT_OPTIMIZATION_LEVEL = "-Onone";
			};
			name = Debug;
		};
		4096CE202BEE5C5000B7CFC8 /* Release */ = {
			isa = XCBuildConfiguration;
			buildSettings = {
				ALWAYS_SEARCH_USER_PATHS = NO;
				ASSETCATALOG_COMPILER_GENERATE_SWIFT_ASSET_SYMBOL_EXTENSIONS = YES;
				CLANG_ANALYZER_NONNULL = YES;
				CLANG_ANALYZER_NUMBER_OBJECT_CONVERSION = YES_AGGRESSIVE;
				CLANG_CXX_LANGUAGE_STANDARD = "gnu++20";
				CLANG_ENABLE_MODULES = YES;
				CLANG_ENABLE_OBJC_ARC = YES;
				CLANG_ENABLE_OBJC_WEAK = YES;
				CLANG_WARN_BLOCK_CAPTURE_AUTORELEASING = YES;
				CLANG_WARN_BOOL_CONVERSION = YES;
				CLANG_WARN_COMMA = YES;
				CLANG_WARN_CONSTANT_CONVERSION = YES;
				CLANG_WARN_DEPRECATED_OBJC_IMPLEMENTATIONS = YES;
				CLANG_WARN_DIRECT_OBJC_ISA_USAGE = YES_ERROR;
				CLANG_WARN_DOCUMENTATION_COMMENTS = YES;
				CLANG_WARN_EMPTY_BODY = YES;
				CLANG_WARN_ENUM_CONVERSION = YES;
				CLANG_WARN_INFINITE_RECURSION = YES;
				CLANG_WARN_INT_CONVERSION = YES;
				CLANG_WARN_NON_LITERAL_NULL_CONVERSION = YES;
				CLANG_WARN_OBJC_IMPLICIT_RETAIN_SELF = YES;
				CLANG_WARN_OBJC_LITERAL_CONVERSION = YES;
				CLANG_WARN_OBJC_ROOT_CLASS = YES_ERROR;
				CLANG_WARN_QUOTED_INCLUDE_IN_FRAMEWORK_HEADER = YES;
				CLANG_WARN_RANGE_LOOP_ANALYSIS = YES;
				CLANG_WARN_STRICT_PROTOTYPES = YES;
				CLANG_WARN_SUSPICIOUS_MOVE = YES;
				CLANG_WARN_UNGUARDED_AVAILABILITY = YES_AGGRESSIVE;
				CLANG_WARN_UNREACHABLE_CODE = YES;
				CLANG_WARN__DUPLICATE_METHOD_MATCH = YES;
				COPY_PHASE_STRIP = NO;
				DEBUG_INFORMATION_FORMAT = "dwarf-with-dsym";
				ENABLE_NS_ASSERTIONS = NO;
				ENABLE_STRICT_OBJC_MSGSEND = YES;
				ENABLE_USER_SCRIPT_SANDBOXING = YES;
				GCC_C_LANGUAGE_STANDARD = gnu17;
				GCC_NO_COMMON_BLOCKS = YES;
				GCC_WARN_64_TO_32_BIT_CONVERSION = YES;
				GCC_WARN_ABOUT_RETURN_TYPE = YES_ERROR;
				GCC_WARN_UNDECLARED_SELECTOR = YES;
				GCC_WARN_UNINITIALIZED_AUTOS = YES_AGGRESSIVE;
				GCC_WARN_UNUSED_FUNCTION = YES;
				GCC_WARN_UNUSED_VARIABLE = YES;
				IPHONEOS_DEPLOYMENT_TARGET = 17.4;
				LOCALIZATION_PREFERS_STRING_CATALOGS = YES;
				MTL_ENABLE_DEBUG_INFO = NO;
				MTL_FAST_MATH = YES;
				SDKROOT = iphoneos;
				SWIFT_COMPILATION_MODE = wholemodule;
				VALIDATE_PRODUCT = YES;
			};
			name = Release;
		};
		4096CE222BEE5C5000B7CFC8 /* Debug */ = {
			isa = XCBuildConfiguration;
			buildSettings = {
				ASSETCATALOG_COMPILER_APPICON_NAME = AppIcon;
				ASSETCATALOG_COMPILER_GLOBAL_ACCENT_COLOR_NAME = AccentColor;
				CODE_SIGN_STYLE = Automatic;
				CURRENT_PROJECT_VERSION = 1;
				DEVELOPMENT_TEAM = PHV32WC3HR;
				GENERATE_INFOPLIST_FILE = YES;
				INFOPLIST_FILE = NewsTutorial/Info.plist;
				INFOPLIST_KEY_UIApplicationSupportsIndirectInputEvents = YES;
				INFOPLIST_KEY_UILaunchStoryboardName = LaunchScreen;
				INFOPLIST_KEY_UIMainStoryboardFile = Main;
				INFOPLIST_KEY_UISupportedInterfaceOrientations_iPad = "UIInterfaceOrientationPortrait UIInterfaceOrientationPortraitUpsideDown UIInterfaceOrientationLandscapeLeft UIInterfaceOrientationLandscapeRight";
				INFOPLIST_KEY_UISupportedInterfaceOrientations_iPhone = "UIInterfaceOrientationPortrait UIInterfaceOrientationLandscapeLeft UIInterfaceOrientationLandscapeRight";
				LD_RUNPATH_SEARCH_PATHS = (
					"$(inherited)",
					"@executable_path/Frameworks",
				);
				MARKETING_VERSION = 1.0;
				PRODUCT_BUNDLE_IDENTIFIER = com.berabekirbaykal.NewsTutorial;
				PRODUCT_NAME = "$(TARGET_NAME)";
				SWIFT_EMIT_LOC_STRINGS = YES;
				SWIFT_VERSION = 5.0;
				TARGETED_DEVICE_FAMILY = "1,2";
			};
			name = Debug;
		};
		4096CE232BEE5C5000B7CFC8 /* Release */ = {
			isa = XCBuildConfiguration;
			buildSettings = {
				ASSETCATALOG_COMPILER_APPICON_NAME = AppIcon;
				ASSETCATALOG_COMPILER_GLOBAL_ACCENT_COLOR_NAME = AccentColor;
				CODE_SIGN_STYLE = Automatic;
				CURRENT_PROJECT_VERSION = 1;
				DEVELOPMENT_TEAM = PHV32WC3HR;
				GENERATE_INFOPLIST_FILE = YES;
				INFOPLIST_FILE = NewsTutorial/Info.plist;
				INFOPLIST_KEY_UIApplicationSupportsIndirectInputEvents = YES;
				INFOPLIST_KEY_UILaunchStoryboardName = LaunchScreen;
				INFOPLIST_KEY_UIMainStoryboardFile = Main;
				INFOPLIST_KEY_UISupportedInterfaceOrientations_iPad = "UIInterfaceOrientationPortrait UIInterfaceOrientationPortraitUpsideDown UIInterfaceOrientationLandscapeLeft UIInterfaceOrientationLandscapeRight";
				INFOPLIST_KEY_UISupportedInterfaceOrientations_iPhone = "UIInterfaceOrientationPortrait UIInterfaceOrientationLandscapeLeft UIInterfaceOrientationLandscapeRight";
				LD_RUNPATH_SEARCH_PATHS = (
					"$(inherited)",
					"@executable_path/Frameworks",
				);
				MARKETING_VERSION = 1.0;
				PRODUCT_BUNDLE_IDENTIFIER = com.berabekirbaykal.NewsTutorial;
				PRODUCT_NAME = "$(TARGET_NAME)";
				SWIFT_EMIT_LOC_STRINGS = YES;
				SWIFT_VERSION = 5.0;
				TARGETED_DEVICE_FAMILY = "1,2";
			};
			name = Release;
		};
/* End XCBuildConfiguration section */

/* Begin XCConfigurationList section */
		4096CE082BEE5C4F00B7CFC8 /* Build configuration list for PBXProject "NewsTutorial" */ = {
			isa = XCConfigurationList;
			buildConfigurations = (
				4096CE1F2BEE5C5000B7CFC8 /* Debug */,
				4096CE202BEE5C5000B7CFC8 /* Release */,
			);
			defaultConfigurationIsVisible = 0;
			defaultConfigurationName = Release;
		};
		4096CE212BEE5C5000B7CFC8 /* Build configuration list for PBXNativeTarget "NewsTutorial" */ = {
			isa = XCConfigurationList;
			buildConfigurations = (
				4096CE222BEE5C5000B7CFC8 /* Debug */,
				4096CE232BEE5C5000B7CFC8 /* Release */,
			);
			defaultConfigurationIsVisible = 0;
			defaultConfigurationName = Release;
		};
/* End XCConfigurationList section */
	};
	rootObject = 4096CE052BEE5C4F00B7CFC8 /* Project object */;
}
