// !$*UTF8*$!
{
	archiveVersion = 1;
	classes = {
	};
	objectVersion = 56;
	objects = {

/* Begin PBXBuildFile section */
		409AFD4D2BF4B6B60036B6E3 /* WeatherAppApp.swift in Sources */ = {isa = PBXBuildFile; fileRef = 409AFD4C2BF4B6B60036B6E3 /* WeatherAppApp.swift */; };
		409AFD4F2BF4B6B60036B6E3 /* ContentView.swift in Sources */ = {isa = PBXBuildFile; fileRef = 409AFD4E2BF4B6B60036B6E3 /* ContentView.swift */; };
		409AFD512BF4B6B70036B6E3 /* Assets.xcassets in Resources */ = {isa = PBXBuildFile; fileRef = 409AFD502BF4B6B70036B6E3 /* Assets.xcassets */; };
		409AFD542BF4B6B70036B6E3 /* Preview Assets.xcassets in Resources */ = {isa = PBXBuildFile; fileRef = 409AFD532BF4B6B70036B6E3 /* Preview Assets.xcassets */; };
		409AFD5C2BF4B7180036B6E3 /* LocationManagers.swift in Sources */ = {isa = PBXBuildFile; fileRef = 409AFD5B2BF4B7180036B6E3 /* LocationManagers.swift */; };
		409AFD612BF4BC0F0036B6E3 /* Home.swift in Sources */ = {isa = PBXBuildFile; fileRef = 409AFD602BF4BC0F0036B6E3 /* Home.swift */; };
		409AFD632BF4BCEE0036B6E3 /* Welcome.swift in Sources */ = {isa = PBXBuildFile; fileRef = 409AFD622BF4BCEE0036B6E3 /* Welcome.swift */; };
		409AFD652BF4C1FB0036B6E3 /* WeatherManager.swift in Sources */ = {isa = PBXBuildFile; fileRef = 409AFD642BF4C1FB0036B6E3 /* WeatherManager.swift */; };
		409AFD672BF4D7470036B6E3 /* ModelData.swift in Sources */ = {isa = PBXBuildFile; fileRef = 409AFD662BF4D7470036B6E3 /* ModelData.swift */; };
		409AFD692BF4D9330036B6E3 /* WeatherView.swift in Sources */ = {isa = PBXBuildFile; fileRef = 409AFD682BF4D9330036B6E3 /* WeatherView.swift */; };
		409AFD6B2BF4F1A20036B6E3 /* weatherData.json in Resources */ = {isa = PBXBuildFile; fileRef = 409AFD6A2BF4F1A20036B6E3 /* weatherData.json */; };
/* End PBXBuildFile section */

/* Begin PBXFileReference section */
		409AFD492BF4B6B60036B6E3 /* WeatherApp.app */ = {isa = PBXFileReference; explicitFileType = wrapper.application; includeInIndex = 0; path = WeatherApp.app; sourceTree = BUILT_PRODUCTS_DIR; };
		409AFD4C2BF4B6B60036B6E3 /* WeatherAppApp.swift */ = {isa = PBXFileReference; lastKnownFileType = sourcecode.swift; path = WeatherAppApp.swift; sourceTree = "<group>"; };
		409AFD4E2BF4B6B60036B6E3 /* ContentView.swift */ = {isa = PBXFileReference; lastKnownFileType = sourcecode.swift; path = ContentView.swift; sourceTree = "<group>"; };
		409AFD502BF4B6B70036B6E3 /* Assets.xcassets */ = {isa = PBXFileReference; lastKnownFileType = folder.assetcatalog; path = Assets.xcassets; sourceTree = "<group>"; };
		409AFD532BF4B6B70036B6E3 /* Preview Assets.xcassets */ = {isa = PBXFileReference; lastKnownFileType = folder.assetcatalog; path = "Preview Assets.xcassets"; sourceTree = "<group>"; };
		409AFD5B2BF4B7180036B6E3 /* LocationManagers.swift */ = {isa = PBXFileReference; lastKnownFileType = sourcecode.swift; path = LocationManagers.swift; sourceTree = "<group>"; };
		409AFD602BF4BC0F0036B6E3 /* Home.swift */ = {isa = PBXFileReference; lastKnownFileType = sourcecode.swift; path = Home.swift; sourceTree = "<group>"; };
		409AFD622BF4BCEE0036B6E3 /* Welcome.swift */ = {isa = PBXFileReference; lastKnownFileType = sourcecode.swift; path = Welcome.swift; sourceTree = "<group>"; };
		409AFD642BF4C1FB0036B6E3 /* WeatherManager.swift */ = {isa = PBXFileReference; lastKnownFileType = sourcecode.swift; path = WeatherManager.swift; sourceTree = "<group>"; };
		409AFD662BF4D7470036B6E3 /* ModelData.swift */ = {isa = PBXFileReference; lastKnownFileType = sourcecode.swift; path = ModelData.swift; sourceTree = "<group>"; };
		409AFD682BF4D9330036B6E3 /* WeatherView.swift */ = {isa = PBXFileReference; lastKnownFileType = sourcecode.swift; path = WeatherView.swift; sourceTree = "<group>"; };
		409AFD6A2BF4F1A20036B6E3 /* weatherData.json */ = {isa = PBXFileReference; fileEncoding = 4; lastKnownFileType = text.json; path = weatherData.json; sourceTree = "<group>"; };
/* End PBXFileReference section */

/* Begin PBXFrameworksBuildPhase section */
		409AFD462BF4B6B60036B6E3 /* Frameworks */ = {
			isa = PBXFrameworksBuildPhase;
			buildActionMask = 2147483647;
			files = (
			);
			runOnlyForDeploymentPostprocessing = 0;
		};
/* End PBXFrameworksBuildPhase section */

/* Begin PBXGroup section */
		409AFD402BF4B6B60036B6E3 = {
			isa = PBXGroup;
			children = (
				409AFD4B2BF4B6B60036B6E3 /* WeatherApp */,
				409AFD4A2BF4B6B60036B6E3 /* Products */,
			);
			sourceTree = "<group>";
		};
		409AFD4A2BF4B6B60036B6E3 /* Products */ = {
			isa = PBXGroup;
			children = (
				409AFD492BF4B6B60036B6E3 /* WeatherApp.app */,
			);
			name = Products;
			sourceTree = "<group>";
		};
		409AFD4B2BF4B6B60036B6E3 /* WeatherApp */ = {
			isa = PBXGroup;
			children = (
				409AFD5D2BF4BBA50036B6E3 /* Views */,
				409AFD5A2BF4B6FD0036B6E3 /* Managers */,
				409AFD4C2BF4B6B60036B6E3 /* WeatherAppApp.swift */,
				409AFD4E2BF4B6B60036B6E3 /* ContentView.swift */,
				409AFD6A2BF4F1A20036B6E3 /* weatherData.json */,
				409AFD502BF4B6B70036B6E3 /* Assets.xcassets */,
				409AFD522BF4B6B70036B6E3 /* Preview Content */,
			);
			path = WeatherApp;
			sourceTree = "<group>";
		};
		409AFD522BF4B6B70036B6E3 /* Preview Content */ = {
			isa = PBXGroup;
			children = (
				409AFD532BF4B6B70036B6E3 /* Preview Assets.xcassets */,
			);
			path = "Preview Content";
			sourceTree = "<group>";
		};
		409AFD5A2BF4B6FD0036B6E3 /* Managers */ = {
			isa = PBXGroup;
			children = (
				409AFD5B2BF4B7180036B6E3 /* LocationManagers.swift */,
				409AFD642BF4C1FB0036B6E3 /* WeatherManager.swift */,
				409AFD662BF4D7470036B6E3 /* ModelData.swift */,
			);
			path = Managers;
			sourceTree = "<group>";
		};
		409AFD5D2BF4BBA50036B6E3 /* Views */ = {
			isa = PBXGroup;
			children = (
				409AFD602BF4BC0F0036B6E3 /* Home.swift */,
				409AFD622BF4BCEE0036B6E3 /* Welcome.swift */,
				409AFD682BF4D9330036B6E3 /* WeatherView.swift */,
			);
			path = Views;
			sourceTree = "<group>";
		};
/* End PBXGroup section */

/* Begin PBXNativeTarget section */
		409AFD482BF4B6B60036B6E3 /* WeatherApp */ = {
			isa = PBXNativeTarget;
			buildConfigurationList = 409AFD572BF4B6B70036B6E3 /* Build configuration list for PBXNativeTarget "WeatherApp" */;
			buildPhases = (
				409AFD452BF4B6B60036B6E3 /* Sources */,
				409AFD462BF4B6B60036B6E3 /* Frameworks */,
				409AFD472BF4B6B60036B6E3 /* Resources */,
			);
			buildRules = (
			);
			dependencies = (
			);
			name = WeatherApp;
			productName = WeatherApp;
			productReference = 409AFD492BF4B6B60036B6E3 /* WeatherApp.app */;
			productType = "com.apple.product-type.application";
		};
/* End PBXNativeTarget section */

/* Begin PBXProject section */
		409AFD412BF4B6B60036B6E3 /* Project object */ = {
			isa = PBXProject;
			attributes = {
				BuildIndependentTargetsInParallel = 1;
				LastSwiftUpdateCheck = 1530;
				LastUpgradeCheck = 1530;
				TargetAttributes = {
					409AFD482BF4B6B60036B6E3 = {
						CreatedOnToolsVersion = 15.3;
					};
				};
			};
			buildConfigurationList = 409AFD442BF4B6B60036B6E3 /* Build configuration list for PBXProject "WeatherApp" */;
			compatibilityVersion = "Xcode 14.0";
			developmentRegion = en;
			hasScannedForEncodings = 0;
			knownRegions = (
				en,
				Base,
			);
			mainGroup = 409AFD402BF4B6B60036B6E3;
			productRefGroup = 409AFD4A2BF4B6B60036B6E3 /* Products */;
			projectDirPath = "";
			projectRoot = "";
			targets = (
				409AFD482BF4B6B60036B6E3 /* WeatherApp */,
			);
		};
/* End PBXProject section */

/* Begin PBXResourcesBuildPhase section */
		409AFD472BF4B6B60036B6E3 /* Resources */ = {
			isa = PBXResourcesBuildPhase;
			buildActionMask = 2147483647;
			files = (
				409AFD542BF4B6B70036B6E3 /* Preview Assets.xcassets in Resources */,
				409AFD6B2BF4F1A20036B6E3 /* weatherData.json in Resources */,
				409AFD512BF4B6B70036B6E3 /* Assets.xcassets in Resources */,
			);
			runOnlyForDeploymentPostprocessing = 0;
		};
/* End PBXResourcesBuildPhase section */

/* Begin PBXSourcesBuildPhase section */
		409AFD452BF4B6B60036B6E3 /* Sources */ = {
			isa = PBXSourcesBuildPhase;
			buildActionMask = 2147483647;
			files = (
				409AFD652BF4C1FB0036B6E3 /* WeatherManager.swift in Sources */,
				409AFD4F2BF4B6B60036B6E3 /* ContentView.swift in Sources */,
				409AFD632BF4BCEE0036B6E3 /* Welcome.swift in Sources */,
				409AFD5C2BF4B7180036B6E3 /* LocationManagers.swift in Sources */,
				409AFD612BF4BC0F0036B6E3 /* Home.swift in Sources */,
				409AFD4D2BF4B6B60036B6E3 /* WeatherAppApp.swift in Sources */,
				409AFD672BF4D7470036B6E3 /* ModelData.swift in Sources */,
				409AFD692BF4D9330036B6E3 /* WeatherView.swift in Sources */,
			);
			runOnlyForDeploymentPostprocessing = 0;
		};
/* End PBXSourcesBuildPhase section */

/* Begin XCBuildConfiguration section */
		409AFD552BF4B6B70036B6E3 /* Debug */ = {
			isa = XCBuildConfiguration;
			buildSettings = {
				ALWAYS_SEARCH_USER_PATHS = NO;
				ASSETCATALOG_COMPILER_GENERATE_SWIFT_ASSET_SYMBOL_EXTENSIONS = YES;
				CLANG_ANALYZER_NONNULL = YES;
				CLANG_ANALYZER_NUMBER_OBJECT_CONVERSION = YES_AGGRESSIVE;
				CLANG_CXX_LANGUAGE_STANDARD = "gnu++20";
				CLANG_ENABLE_MODULES = YES;
				CLANG_ENABLE_OBJC_ARC = YES;
				CLANG_ENABLE_OBJC_WEAK = YES;
				CLANG_WARN_BLOCK_CAPTURE_AUTORELEASING = YES;
				CLANG_WARN_BOOL_CONVERSION = YES;
				CLANG_WARN_COMMA = YES;
				CLANG_WARN_CONSTANT_CONVERSION = YES;
				CLANG_WARN_DEPRECATED_OBJC_IMPLEMENTATIONS = YES;
				CLANG_WARN_DIRECT_OBJC_ISA_USAGE = YES_ERROR;
				CLANG_WARN_DOCUMENTATION_COMMENTS = YES;
				CLANG_WARN_EMPTY_BODY = YES;
				CLANG_WARN_ENUM_CONVERSION = YES;
				CLANG_WARN_INFINITE_RECURSION = YES;
				CLANG_WARN_INT_CONVERSION = YES;
				CLANG_WARN_NON_LITERAL_NULL_CONVERSION = YES;
				CLANG_WARN_OBJC_IMPLICIT_RETAIN_SELF = YES;
				CLANG_WARN_OBJC_LITERAL_CONVERSION = YES;
				CLANG_WARN_OBJC_ROOT_CLASS = YES_ERROR;
				CLANG_WARN_QUOTED_INCLUDE_IN_FRAMEWORK_HEADER = YES;
				CLANG_WARN_RANGE_LOOP_ANALYSIS = YES;
				CLANG_WARN_STRICT_PROTOTYPES = YES;
				CLANG_WARN_SUSPICIOUS_MOVE = YES;
				CLANG_WARN_UNGUARDED_AVAILABILITY = YES_AGGRESSIVE;
				CLANG_WARN_UNREACHABLE_CODE = YES;
				CLANG_WARN__DUPLICATE_METHOD_MATCH = YES;
				COPY_PHASE_STRIP = NO;
				DEBUG_INFORMATION_FORMAT = dwarf;
				ENABLE_STRICT_OBJC_MSGSEND = YES;
				ENABLE_TESTABILITY = YES;
				ENABLE_USER_SCRIPT_SANDBOXING = YES;
				GCC_C_LANGUAGE_STANDARD = gnu17;
				GCC_DYNAMIC_NO_PIC = NO;
				GCC_NO_COMMON_BLOCKS = YES;
				GCC_OPTIMIZATION_LEVEL = 0;
				GCC_PREPROCESSOR_DEFINITIONS = (
					"DEBUG=1",
					"$(inherited)",
				);
				GCC_WARN_64_TO_32_BIT_CONVERSION = YES;
				GCC_WARN_ABOUT_RETURN_TYPE = YES_ERROR;
				GCC_WARN_UNDECLARED_SELECTOR = YES;
				GCC_WARN_UNINITIALIZED_AUTOS = YES_AGGRESSIVE;
				GCC_WARN_UNUSED_FUNCTION = YES;
				GCC_WARN_UNUSED_VARIABLE = YES;
				IPHONEOS_DEPLOYMENT_TARGET = 17.4;
				LOCALIZATION_PREFERS_STRING_CATALOGS = YES;
				MTL_ENABLE_DEBUG_INFO = INCLUDE_SOURCE;
				MTL_FAST_MATH = YES;
				ONLY_ACTIVE_ARCH = YES;
				SDKROOT = iphoneos;
				SWIFT_ACTIVE_COMPILATION_CONDITIONS = "DEBUG $(inherited)";
				SWIFT_OPTIMIZATION_LEVEL = "-Onone";
			};
			name = Debug;
		};
		409AFD562BF4B6B70036B6E3 /* Release */ = {
			isa = XCBuildConfiguration;
			buildSettings = {
				ALWAYS_SEARCH_USER_PATHS = NO;
				ASSETCATALOG_COMPILER_GENERATE_SWIFT_ASSET_SYMBOL_EXTENSIONS = YES;
				CLANG_ANALYZER_NONNULL = YES;
				CLANG_ANALYZER_NUMBER_OBJECT_CONVERSION = YES_AGGRESSIVE;
				CLANG_CXX_LANGUAGE_STANDARD = "gnu++20";
				CLANG_ENABLE_MODULES = YES;
				CLANG_ENABLE_OBJC_ARC = YES;
				CLANG_ENABLE_OBJC_WEAK = YES;
				CLANG_WARN_BLOCK_CAPTURE_AUTORELEASING = YES;
				CLANG_WARN_BOOL_CONVERSION = YES;
				CLANG_WARN_COMMA = YES;
				CLANG_WARN_CONSTANT_CONVERSION = YES;
				CLANG_WARN_DEPRECATED_OBJC_IMPLEMENTATIONS = YES;
				CLANG_WARN_DIRECT_OBJC_ISA_USAGE = YES_ERROR;
				CLANG_WARN_DOCUMENTATION_COMMENTS = YES;
				CLANG_WARN_EMPTY_BODY = YES;
				CLANG_WARN_ENUM_CONVERSION = YES;
				CLANG_WARN_INFINITE_RECURSION = YES;
				CLANG_WARN_INT_CONVERSION = YES;
				CLANG_WARN_NON_LITERAL_NULL_CONVERSION = YES;
				CLANG_WARN_OBJC_IMPLICIT_RETAIN_SELF = YES;
				CLANG_WARN_OBJC_LITERAL_CONVERSION = YES;
				CLANG_WARN_OBJC_ROOT_CLASS = YES_ERROR;
				CLANG_WARN_QUOTED_INCLUDE_IN_FRAMEWORK_HEADER = YES;
				CLANG_WARN_RANGE_LOOP_ANALYSIS = YES;
				CLANG_WARN_STRICT_PROTOTYPES = YES;
				CLANG_WARN_SUSPICIOUS_MOVE = YES;
				CLANG_WARN_UNGUARDED_AVAILABILITY = YES_AGGRESSIVE;
				CLANG_WARN_UNREACHABLE_CODE = YES;
				CLANG_WARN__DUPLICATE_METHOD_MATCH = YES;
				COPY_PHASE_STRIP = NO;
				DEBUG_INFORMATION_FORMAT = "dwarf-with-dsym";
				ENABLE_NS_ASSERTIONS = NO;
				ENABLE_STRICT_OBJC_MSGSEND = YES;
				ENABLE_USER_SCRIPT_SANDBOXING = YES;
				GCC_C_LANGUAGE_STANDARD = gnu17;
				GCC_NO_COMMON_BLOCKS = YES;
				GCC_WARN_64_TO_32_BIT_CONVERSION = YES;
				GCC_WARN_ABOUT_RETURN_TYPE = YES_ERROR;
				GCC_WARN_UNDECLARED_SELECTOR = YES;
				GCC_WARN_UNINITIALIZED_AUTOS = YES_AGGRESSIVE;
				GCC_WARN_UNUSED_FUNCTION = YES;
				GCC_WARN_UNUSED_VARIABLE = YES;
				IPHONEOS_DEPLOYMENT_TARGET = 17.4;
				LOCALIZATION_PREFERS_STRING_CATALOGS = YES;
				MTL_ENABLE_DEBUG_INFO = NO;
				MTL_FAST_MATH = YES;
				SDKROOT = iphoneos;
				SWIFT_COMPILATION_MODE = wholemodule;
				VALIDATE_PRODUCT = YES;
			};
			name = Release;
		};
		409AFD582BF4B6B70036B6E3 /* Debug */ = {
			isa = XCBuildConfiguration;
			buildSettings = {
				ASSETCATALOG_COMPILER_APPICON_NAME = AppIcon;
				ASSETCATALOG_COMPILER_GLOBAL_ACCENT_COLOR_NAME = AccentColor;
				CODE_SIGN_STYLE = Automatic;
				CURRENT_PROJECT_VERSION = 1;
				DEVELOPMENT_ASSET_PATHS = "\"WeatherApp/Preview Content\"";
				DEVELOPMENT_TEAM = PHV32WC3HR;
				ENABLE_PREVIEWS = YES;
				GENERATE_INFOPLIST_FILE = YES;
				INFOPLIST_KEY_UIApplicationSceneManifest_Generation = YES;
				INFOPLIST_KEY_UIApplicationSupportsIndirectInputEvents = YES;
				INFOPLIST_KEY_UILaunchScreen_Generation = YES;
				INFOPLIST_KEY_UISupportedInterfaceOrientations_iPad = "UIInterfaceOrientationPortrait UIInterfaceOrientationPortraitUpsideDown UIInterfaceOrientationLandscapeLeft UIInterfaceOrientationLandscapeRight";
				INFOPLIST_KEY_UISupportedInterfaceOrientations_iPhone = "UIInterfaceOrientationPortrait UIInterfaceOrientationLandscapeLeft UIInterfaceOrientationLandscapeRight";
				LD_RUNPATH_SEARCH_PATHS = (
					"$(inherited)",
					"@executable_path/Frameworks",
				);
				MARKETING_VERSION = 1.0;
				PRODUCT_BUNDLE_IDENTIFIER = com.berabekirbaykal.WeatherApp;
				PRODUCT_NAME = "$(TARGET_NAME)";
				SWIFT_EMIT_LOC_STRINGS = YES;
				SWIFT_VERSION = 5.0;
				TARGETED_DEVICE_FAMILY = "1,2";
			};
			name = Debug;
		};
		409AFD592BF4B6B70036B6E3 /* Release */ = {
			isa = XCBuildConfiguration;
			buildSettings = {
				ASSETCATALOG_COMPILER_APPICON_NAME = AppIcon;
				ASSETCATALOG_COMPILER_GLOBAL_ACCENT_COLOR_NAME = AccentColor;
				CODE_SIGN_STYLE = Automatic;
				CURRENT_PROJECT_VERSION = 1;
				DEVELOPMENT_ASSET_PATHS = "\"WeatherApp/Preview Content\"";
				DEVELOPMENT_TEAM = PHV32WC3HR;
				ENABLE_PREVIEWS = YES;
				GENERATE_INFOPLIST_FILE = YES;
				INFOPLIST_KEY_UIApplicationSceneManifest_Generation = YES;
				INFOPLIST_KEY_UIApplicationSupportsIndirectInputEvents = YES;
				INFOPLIST_KEY_UILaunchScreen_Generation = YES;
				INFOPLIST_KEY_UISupportedInterfaceOrientations_iPad = "UIInterfaceOrientationPortrait UIInterfaceOrientationPortraitUpsideDown UIInterfaceOrientationLandscapeLeft UIInterfaceOrientationLandscapeRight";
				INFOPLIST_KEY_UISupportedInterfaceOrientations_iPhone = "UIInterfaceOrientationPortrait UIInterfaceOrientationLandscapeLeft UIInterfaceOrientationLandscapeRight";
				LD_RUNPATH_SEARCH_PATHS = (
					"$(inherited)",
					"@executable_path/Frameworks",
				);
				MARKETING_VERSION = 1.0;
				PRODUCT_BUNDLE_IDENTIFIER = com.berabekirbaykal.WeatherApp;
				PRODUCT_NAME = "$(TARGET_NAME)";
				SWIFT_EMIT_LOC_STRINGS = YES;
				SWIFT_VERSION = 5.0;
				TARGETED_DEVICE_FAMILY = "1,2";
			};
			name = Release;
		};
/* End XCBuildConfiguration section */

/* Begin XCConfigurationList section */
		409AFD442BF4B6B60036B6E3 /* Build configuration list for PBXProject "WeatherApp" */ = {
			isa = XCConfigurationList;
			buildConfigurations = (
				409AFD552BF4B6B70036B6E3 /* Debug */,
				409AFD562BF4B6B70036B6E3 /* Release */,
			);
			defaultConfigurationIsVisible = 0;
			defaultConfigurationName = Release;
		};
		409AFD572BF4B6B70036B6E3 /* Build configuration list for PBXNativeTarget "WeatherApp" */ = {
			isa = XCConfigurationList;
			buildConfigurations = (
				409AFD582BF4B6B70036B6E3 /* Debug */,
				409AFD592BF4B6B70036B6E3 /* Release */,
			);
			defaultConfigurationIsVisible = 0;
			defaultConfigurationName = Release;
		};
/* End XCConfigurationList section */
	};
	rootObject = 409AFD412BF4B6B60036B6E3 /* Project object */;
}
